cloud.google.com/go v0.26.0/go.mod h1:aQUYkXzVsufM+DwF1aE+0xfcU+56JwCaLick0ClmMTw=
github.com/LK4D4/joincontext v0.0.0-20171026170139-1724345da6d5 h1:U7q69tqXiCf6m097GRlNQB0/6SI1qWIOHYHhCEvDxF4=
github.com/LK4D4/joincontext v0.0.0-20171026170139-1724345da6d5/go.mod h1:nxQPcNPR/34g+HcK2hEsF99O+GJgIkW/OmPl8wtzhmk=
github.com/Sirupsen/logrus v0.0.0-20160716025631-a283a10442df h1:tWi/LfZ+meMKJGmHkbGnd08rbrtFKrpB6pPzow/EYJw=
github.com/Sirupsen/logrus v0.0.0-20160716025631-a283a10442df/go.mod h1:rmk17hk6i8ZSAJkSDa7nOxamrG+SP4P0mm+DAvExv4U=
github.com/alecthomas/template v0.0.0-20160405071501-a0175ee3bccc/go.mod h1:LOuyumcjzFXgccqObfd/Ljyb9UuFJ6TxHnclSeseNhc=
github.com/alecthomas/units v0.0.0-20151022065526-2efee857e7cf/go.mod h1:ybxpYRFXyAe+OPACYpWeL0wqObRcbAqCMya13uyzqw0=
github.com/beorn7/perks v0.0.0-20180321164747-3a771d992973 h1:xJ4a3vCFaGF/jqvzLMYoU8P317H5OQ+Via4RmuPwCS0=
github.com/beorn7/perks v0.0.0-20180321164747-3a771d992973/go.mod h1:Dwedo/Wpr24TaqPxmxbtue+5NUziq4I4S80YR8gNf3Q=
github.com/cenkalti/backoff v2.1.1+incompatible h1:tKJnvO2kl0zmb/jA5UKAt4VoEVw1qxKWjE/Bpp46npY=
github.com/cenkalti/backoff v2.1.1+incompatible/go.mod h1:90ReRw6GdpyfrHakVjL/QHaoyV4aDUVVkXQJJJ3NXXM=
github.com/client9/misspell v0.3.4/go.mod h1:qj6jICC3Q7zFZvVWo7KLAzC3yx5G7kyvSDkc90ppPyw=
github.com/codahale/hdrhistogram v0.0.0-20161010025455-3a0bb77429bd h1:qMd81Ts1T2OTKmB4acZcyKaMtRnY5Y44NuXGX2GFJ1w=
github.com/codahale/hdrhistogram v0.0.0-20161010025455-3a0bb77429bd/go.mod h1:sE/e/2PUdi/liOCUjSTXgM1o87ZssimdTWN964YiIeI=
github.com/cyberdelia/go-metrics-graphite v0.0.0-20161219230853-39f87cc3b432 h1:M5QgkYacWj0Xs8MhpIK/5uwU02icXpEoSo9sM2aRCps=
github.com/cyberdelia/go-metrics-graphite v0.0.0-20161219230853-39f87cc3b432/go.mod h1:xwIwAxMvYnVrGJPe2FKx5prTrnAjGOD8zvDOnxnrrkM=
github.com/darrennoble/LogrusFluentdTaggedUDP v0.0.0-20170117221532-f39c9928dbad h1:CAO3agCQ8ZK687Ng69SRXgaiweaj75r+43iNfMSOTpU=
github.com/darrennoble/LogrusFluentdTaggedUDP v0.0.0-20170117221532-f39c9928dbad/go.mod h1:78TW7SxMkis3zZkux14IOaBI7NRlGIzNHg2zIbgIWXA=
github.com/davecgh/go-spew v0.0.0-20161028175848-04cdfd42973b/go.mod h1:J7Y8YcW2NihsgmVo/mv3lAwl/skON4iLHjSsI+c5H38=
github.com/davecgh/go-spew v1.1.0/go.mod h1:J7Y8YcW2NihsgmVo/mv3lAwl/skON4iLHjSsI+c5H38=
github.com/davecgh/go-spew v1.1.1 h1:vj9j/u1bqnvCEfJOwUhtlOARqs3+rkHYY13jYWTU97c=
github.com/davecgh/go-spew v1.1.1/go.mod h1:J7Y8YcW2NihsgmVo/mv3lAwl/skON4iLHjSsI+c5H38=
github.com/go-kit/kit v0.8.0/go.mod h1:xBxKIO96dXMWWy0MnWVtmwkA9/13aqxPnvrjFYMA2as=
github.com/go-logfmt/logfmt v0.3.0/go.mod h1:Qt1PoO58o5twSAckw1HlFXLmHsOX5/0LbT9GBnD5lWE=
github.com/go-stack/stack v1.8.0 h1:5SgMzNM5HxrEjV0ww2lTmX6E2Izsfxas4+YHWRs3Lsk=
github.com/go-stack/stack v1.8.0/go.mod h1:v0f6uXyyMGvRgIKkXu+yp6POWl0qKG85gN/melR3HDY=
github.com/gogo/protobuf v1.1.1/go.mod h1:r8qH/GZQm5c6nD/R0oafs1akxWv10x8SbQlK7atdtwQ=
github.com/golang/glog v0.0.0-20160126235308-23def4e6c14b/go.mod h1:SBH7ygxi8pfUlaOkMMuAQtPIUF8ecWP5IEl/CR7VP2Q=
github.com/golang/lint v0.0.0-20180702182130-06c8688daad7/go.mod h1:tluoj9z5200jBnyusfRPU2LqT6J+DAorxEvtC7LHB+E=
github.com/golang/mock v1.1.1/go.mod h1:oTYuIxOrZwtPieC+H1uAHpcLFnEyAGVDL/k47Jfbm0A=
github.com/golang/protobuf v1.2.0 h1:P3YflyNX/ehuJFLhxviNdFxQPkGK5cDcApsge1SqnvM=
github.com/golang/protobuf v1.2.0/go.mod h1:6lQm79b+lXiMfvg/cZm0SGofjICqVBUtrP5yJMmIC1U=
github.com/golang/snappy v0.0.1 h1:Qgr9rKW7uDUkrbSmQeiDsGa8SjGyCOGtuasMWwvp2P4=
github.com/golang/snappy v0.0.1/go.mod h1:/XxbfmMg8lxefKM7IXC3fBNl/7bRcc72aCRzEWrmP2Q=
github.com/google/go-cmp v0.3.0/go.mod h1:8QqcDgzrUqlUb/G2PQTWiueGozuR1884gddMywk6iLU=
github.com/grpc-ecosystem/go-grpc-middleware v1.0.0 h1:Iju5GlWwrvL6UBg4zJJt3btmonfrMlCDdsejg4CZE7c=
github.com/grpc-ecosystem/go-grpc-middleware v1.0.0/go.mod h1:FiyG127CGDf3tlThmgyCl78X/SZQqEOJBCDaAfeWzPs=
github.com/grpc-ecosystem/go-grpc-prometheus v1.2.0 h1:Ovs26xHkKqVztRpIrF/92BcuyuQ/YW4NSIpoGtfXNho=
github.com/grpc-ecosystem/go-grpc-prometheus v1.2.0/go.mod h1:8NvIoxWQoOIhqOTXgfV/d3M/q6VIi02HzZEHgUlZvzk=
github.com/grpc-ecosystem/grpc-gateway v1.5.1 h1:3scN4iuXkNOyP98jF55Lv8a9j1o/IwvnDIZ0LHJK1nk=
github.com/grpc-ecosystem/grpc-gateway v1.5.1/go.mod h1:RSKVYQBd5MCa4OVpNdGskqpgL2+G+NZTnrVHpWWfpdw=
github.com/julienschmidt/httprouter v1.2.0/go.mod h1:SYymIcj16QtmaHHD7aYtjjsJG7VTCxuUUipMqKk8s4w=
github.com/kisielk/gotool v1.0.0/go.mod h1:XhKaO+MFFWcvkIS/tQcRk01m1F5IRFswLeQ+oQHNcck=
github.com/konsorten/go-windows-terminal-sequences v1.0.1/go.mod h1:T0+1ngSBFLxvqU3pZ+m/2kptfBszLMUkC4ZK/EgS/cQ=
github.com/kr/logfmt v0.0.0-20140226030751-b84e30acd515/go.mod h1:+0opPa2QZZtGFBFZlji/RkVcI2GknAs/DXo4wKdlNEc=
github.com/kr/pretty v0.1.0/go.mod h1:dAy3ld7l9f0ibDNOQOHHMYYIIbhfbHSm3C4ZsoJORNo=
github.com/kr/pty v1.1.1/go.mod h1:pFQYn66WHrOpPYNljwOMqo10TkYh1fy3cYio2l3bCsQ=
github.com/kr/text v0.1.0/go.mod h1:4Jbv+DJW3UT/LiOwJeYQe1efqtUx/iVham/4vfdArNI=
github.com/matttproud/golang_protobuf_extensions v1.0.1 h1:4hp9jkHxhMHkqkrB3Ix0jegS5sx/RkqARlsWZ6pIwiU=
github.com/matttproud/golang_protobuf_extensions v1.0.1/go.mod h1:D8He9yQNgCq6Z5Ld7szi9bcBfOoFv/3dc6xSMkL2PC0=
github.com/mongodb/mongo-go-driver v1.0.3/go.mod h1:NK/HWDIIZkaYsnYa0hmtP443T5ELr0KDecmIioVuuyU=
github.com/mongodb/mongo-go-driver v1.0.4/go.mod h1:NK/HWDIIZkaYsnYa0hmtP443T5ELr0KDecmIioVuuyU=
github.com/mwitkow/go-conntrack v0.0.0-20161129095857-cc309e4a2223/go.mod h1:qRWi+5nqEBWmkhHvq77mSJWrCKwh8bxhgT7d/eI7P4U=
github.com/opentracing/opentracing-go v1.0.2 h1:3jA2P6O1F9UOrWVpwrIo17pu01KWvNWg4X946/Y5Zwg=
github.com/opentracing/opentracing-go v1.0.2/go.mod h1:UkNAQd3GIcIGf0SeVgPpRdFStlNbqXla1AfSYxPUl2o=
github.com/pkg/errors v0.0.0-20170505043639-c605e284fe17 h1:chPfVn+gpAM5CTpTyVU9j8J+xgRGwmoDlNDLjKnJiYo=
github.com/pkg/errors v0.0.0-20170505043639-c605e284fe17/go.mod h1:bwawxfHBFNV+L2hUp1rHADufV3IMtnDRdf1r5NINEl0=
github.com/pkg/errors v0.8.0/go.mod h1:bwawxfHBFNV+L2hUp1rHADufV3IMtnDRdf1r5NINEl0=
github.com/pkg/errors v0.8.1 h1:iURUrRGxPUNPdy5/HRSm+Yj6okJ6UtLINN0Q9M4+h3I=
github.com/pkg/errors v0.8.1/go.mod h1:bwawxfHBFNV+L2hUp1rHADufV3IMtnDRdf1r5NINEl0=
github.com/pmezard/go-difflib v0.0.0-20151028094244-d8ed2627bdf0/go.mod h1:iKH77koFhYxTK1pcRnkKkqfTogsbg7gZNVY4sRDYZ/4=
github.com/pmezard/go-difflib v1.0.0 h1:4DBwDE0NGyQoBHbLQYPwSUPoCMWR5BEzIk/f1lZbAQM=
github.com/pmezard/go-difflib v1.0.0/go.mod h1:iKH77koFhYxTK1pcRnkKkqfTogsbg7gZNVY4sRDYZ/4=
github.com/prometheus/client_golang v0.9.1/go.mod h1:7SWBe2y4D6OKWSNQJUaRYU/AaXPKyh/dDVn+NZz0KFw=
github.com/prometheus/client_golang v0.9.2 h1:awm861/B8OKDd2I/6o1dy3ra4BamzKhYOiGItCeZ740=
github.com/prometheus/client_golang v0.9.2/go.mod h1:OsXs2jCmiKlQ1lTBmv21f2mNfw4xf/QclQDMrYNZzcM=
github.com/prometheus/client_model v0.0.0-20180712105110-5c3871d89910/go.mod h1:MbSGuTsp3dbXC40dX6PRTWyKYBIrTGTE9sqQNg2J8bo=
github.com/prometheus/client_model v0.0.0-20190129233127-fd36f4220a90 h1:S/YWwWx/RA8rT8tKFRuGUZhuA90OyIBpPCXkcbwU8DE=
github.com/prometheus/client_model v0.0.0-20190129233127-fd36f4220a90/go.mod h1:xMI15A0UPsDsEKsMN9yxemIoYk6Tm2C1GtYGdfGttqA=
github.com/prometheus/common v0.0.0-20181126121408-4724e9255275/go.mod h1:daVV7qP5qjZbuso7PdcryaAu0sAZbrN9i7WWcTMWvro=
github.com/prometheus/common v0.2.0 h1:kUZDBDTdBVBYBj5Tmh2NZLlF60mfjA27rM34b+cVwNU=
github.com/prometheus/common v0.2.0/go.mod h1:TNfzLD0ON7rHzMJeJkieUDPYmFC7Snx/y86RQel1bk4=
github.com/prometheus/procfs v0.0.0-20181005140218-185b4288413d/go.mod h1:c3At6R/oaqEKCNdg8wHV1ftS6bRYblBhIjjI8uT2IGk=
github.com/prometheus/procfs v0.0.0-20181204211112-1dc9a6cbc91a/go.mod h1:c3At6R/oaqEKCNdg8wHV1ftS6bRYblBhIjjI8uT2IGk=
github.com/prometheus/procfs v0.0.0-20190203183350-488faf799f86 h1:g+A1HvpUdFx2+DHYWf0jBRPqovwuO09Gx3wjstMDX50=
github.com/prometheus/procfs v0.0.0-20190203183350-488faf799f86/go.mod h1:c3At6R/oaqEKCNdg8wHV1ftS6bRYblBhIjjI8uT2IGk=
github.com/rcrowley/go-metrics v0.0.0-20161128210544-1f30fe9094a5/go.mod h1:bCqnVzQkZxMG4s8nGwiZ5l3QUCyqpo9Y+/ZMZ9VjZe4=
github.com/rcrowley/go-metrics v0.0.0-20181016184325-3113b8401b8a h1:9ZKAASQSHhDYGoxY8uLVpewe1GDZ2vu2Tr/vTdVAkFQ=
github.com/rcrowley/go-metrics v0.0.0-20181016184325-3113b8401b8a/go.mod h1:bCqnVzQkZxMG4s8nGwiZ5l3QUCyqpo9Y+/ZMZ9VjZe4=
github.com/sirupsen/logrus v1.2.0/go.mod h1:LxeOpSwHxABJmUn/MG1IvRgCAasNZTLOkJPxbbu5VWo=
github.com/sirupsen/logrus v1.3.0 h1:hI/7Q+DtNZ2kINb6qt/lS+IyXnHQe9e90POfeewL/ME=
github.com/sirupsen/logrus v1.3.0/go.mod h1:LxeOpSwHxABJmUn/MG1IvRgCAasNZTLOkJPxbbu5VWo=
github.com/spacemonkeygo/flagfile v0.0.0-20180426194429-0d750334dbb8 h1:igGPAk1IhuO3QcQTgVC+7ryzcc0S/GrJfyFMw2kiDpA=
github.com/spacemonkeygo/flagfile v0.0.0-20180426194429-0d750334dbb8/go.mod h1:Sv7P/HGgCluSQraRbYxntA4oe016UX0ShVPQyc5nHbA=
github.com/stretchr/objx v0.0.0-20140526180921-cbeaeb16a013/go.mod h1:HFkY916IF+rwdDfMAkV7OtwuqBVzrE8GR6GFx+wExME=
github.com/stretchr/objx v0.1.0/go.mod h1:HFkY916IF+rwdDfMAkV7OtwuqBVzrE8GR6GFx+wExME=
github.com/stretchr/objx v0.1.1/go.mod h1:HFkY916IF+rwdDfMAkV7OtwuqBVzrE8GR6GFx+wExME=
github.com/stretchr/testify v0.0.0-20161217200445-2402e8e7a02f/go.mod h1:a8OnRcib4nhh0OaRAV+Yts87kKdq0PP7pXfy6kDkUVs=
github.com/stretchr/testify v1.2.2/go.mod h1:a8OnRcib4nhh0OaRAV+Yts87kKdq0PP7pXfy6kDkUVs=
github.com/stretchr/testify v1.3.0 h1:TivCn/peBQ7UY8ooIcPgZFpTNSz0Q2U6UrFlUfqbe0Q=
github.com/stretchr/testify v1.3.0/go.mod h1:M5WIy9Dh21IEIfnGCwXGc5bZfKNJtfHm1UVUgZn+9EI=
github.com/tidwall/pretty v1.0.0/go.mod h1:XNkn88O1ChpSDQmQeStsy+sBenx6DDtFZJxhVysOjyk=
github.com/uber-go/atomic v1.4.0/go.mod h1:/Ct5t2lcmbJ4OSe/waGBoaVvVqtO0bmtfVNex1PFV8g=
github.com/uber/jaeger-client-go v2.15.0+incompatible h1:NP3qsSqNxh8VYr956ur1N/1C1PjvOJnJykCzcD5QHbk=
github.com/uber/jaeger-client-go v2.15.0+incompatible/go.mod h1:WVhlPFC8FDjOFMMWRy2pZqQJSXxYSwNYOkTr/Z6d3Kk=
github.com/uber/jaeger-lib v1.5.0 h1:OHbgr8l656Ub3Fw5k9SWnBfIEwvoHQ+W2y+Aa9D1Uyo=
github.com/uber/jaeger-lib v1.5.0/go.mod h1:ComeNDZlWwrWnDv8aPp0Ba6+uUTzImX/AauajbLI56U=
github.com/xdg/scram v0.0.0-20180814205039-7eeb5667e42c h1:u40Z8hqBAAQyv+vATcGgV0YCnDjqSL7/q/JyPhhJSPk=
github.com/xdg/scram v0.0.0-20180814205039-7eeb5667e42c/go.mod h1:lB8K/P019DLNhemzwFU4jHLhdvlE6uDZjXFejJXr49I=
github.com/xdg/stringprep v1.0.0 h1:d9X0esnoa3dFsV0FG35rAT0RIhYFlPq7MiP+DW89La0=
github.com/xdg/stringprep v1.0.0/go.mod h1:Jhud4/sHMO4oL310DaZAKk9ZaJ08SJfe+sJh0HrGL1Y=
go.mongodb.org/mongo-driver v1.0.4 h1:bHxbjH6iwh1uInchXadI6hQR107KEbgYsMzoblDONmQ=
go.mongodb.org/mongo-driver v1.0.4/go.mod h1:u7ryQJ+DOzQmeO7zB6MHyr8jkEQvC8vH7qLUO4lqsUM=
go.uber.org/atomic v1.4.0/go.mod h1:gD2HeocX3+yG+ygLZcrzQJaqmWj9AIm7n08wl/qW/PE=
golang.org/x/crypto v0.0.0-20180904163835-0709b304e793/go.mod h1:6SG95UA2DQfeDnfUPMdvaQW0Q7yPrPDi9nlGo2tz2b4=
golang.org/x/crypto v0.0.0-20190131182504-b8fe1690c613/go.mod h1:6SG95UA2DQfeDnfUPMdvaQW0Q7yPrPDi9nlGo2tz2b4=
golang.org/x/crypto v0.0.0-20190308221718-c2843e01d9a2/go.mod h1:djNgcEr1/C05ACkg1iLfiJU5Ep61QUkGW8qpdssI0+w=
golang.org/x/crypto v0.0.0-20190701094942-4def268fd1a4 h1:HuIa8hRrWRSrqYzx1qI49NNxhdi2PrY7gxVSq1JjLDc=
golang.org/x/crypto v0.0.0-20190701094942-4def268fd1a4/go.mod h1:yigFU9vqHzYiE8UmvKecakEJjdnWj3jj499lnFckfCI=
golang.org/x/exp v0.0.0-20190121172915-509febef88a4/go.mod h1:CJ0aWSM057203Lf6IL+f9T1iT9GByDxfZKAQTCR3kQA=
golang.org/x/lint v0.0.0-20180702182130-06c8688daad7/go.mod h1:UVdnD1Gm6xHRNCYTkRU2/jEulfH38KcIWyp/GAMgvoE=
golang.org/x/lint v0.0.0-20181026193005-c67002cb31c3/go.mod h1:UVdnD1Gm6xHRNCYTkRU2/jEulfH38KcIWyp/GAMgvoE=
golang.org/x/net v0.0.0-20180826012351-8a410e7b638d/go.mod h1:mL1N/T3taQHkDXs73rZJwtUhF3w3ftmwwsq0BUmARs4=
golang.org/x/net v0.0.0-20181106065722-10aee1819953/go.mod h1:mL1N/T3taQHkDXs73rZJwtUhF3w3ftmwwsq0BUmARs4=
golang.org/x/net v0.0.0-20181114220301-adae6a3d119a/go.mod h1:mL1N/T3taQHkDXs73rZJwtUhF3w3ftmwwsq0BUmARs4=
golang.org/x/net v0.0.0-20181201002055-351d144fa1fc/go.mod h1:mL1N/T3taQHkDXs73rZJwtUhF3w3ftmwwsq0BUmARs4=
golang.org/x/net v0.0.0-20190206173232-65e2d4e15006/go.mod h1:mL1N/T3taQHkDXs73rZJwtUhF3w3ftmwwsq0BUmARs4=
golang.org/x/net v0.0.0-20190404232315-eb5bcb51f2a3 h1:0GoQqolDA55aaLxZyTzK/Y2ePZzZTUrRacwib7cNsYQ=
golang.org/x/net v0.0.0-20190404232315-eb5bcb51f2a3/go.mod h1:t9HGtf8HONx5eT2rtn7q6eTqICYqUVnKs3thJo3Qplg=
golang.org/x/oauth2 v0.0.0-20180821212333-d2e6202438be/go.mod h1:N/0e6XlmueqKjAGxoOufVs8QHGRruUQn6yWY3a++T0U=
golang.org/x/sync v0.0.0-20180314180146-1d60e4601c6f/go.mod h1:RxMgew5VJxzue5/jJTE5uejpjVlOe/izrB70Jof72aM=
golang.org/x/sync v0.0.0-20181108010431-42b317875d0f/go.mod h1:RxMgew5VJxzue5/jJTE5uejpjVlOe/izrB70Jof72aM=
golang.org/x/sync v0.0.0-20190423024810-112230192c58 h1:8gQV6CLnAEikrhgkHFbMAEhagSSnXWGV915qUMm9mrU=
golang.org/x/sync v0.0.0-20190423024810-112230192c58/go.mod h1:RxMgew5VJxzue5/jJTE5uejpjVlOe/izrB70Jof72aM=
golang.org/x/sys v0.0.0-20180830151530-49385e6e1522/go.mod h1:STP8DvDyc/dI5b8T5hshtkjS+E42TnysNCUPdjciGhY=
golang.org/x/sys v0.0.0-20180905080454-ebe1bf3edb33/go.mod h1:STP8DvDyc/dI5b8T5hshtkjS+E42TnysNCUPdjciGhY=
golang.org/x/sys v0.0.0-20181116152217-5ac8a444bdc5/go.mod h1:STP8DvDyc/dI5b8T5hshtkjS+E42TnysNCUPdjciGhY=
golang.org/x/sys v0.0.0-20190204203706-41f3e6584952/go.mod h1:STP8DvDyc/dI5b8T5hshtkjS+E42TnysNCUPdjciGhY=
golang.org/x/sys v0.0.0-20190215142949-d0b11bdaac8a/go.mod h1:STP8DvDyc/dI5b8T5hshtkjS+E42TnysNCUPdjciGhY=
golang.org/x/sys v0.0.0-20190412213103-97732733099d h1:+R4KGOnez64A81RvjARKc4UT5/tI9ujCIVX+P5KiHuI=
golang.org/x/sys v0.0.0-20190412213103-97732733099d/go.mod h1:h1NjWce9XRLGQEsW7wpKNCjG9DtNlClVuFLEZdDNbEs=
golang.org/x/text v0.3.0/go.mod h1:NqM8EUOU14njkJ3fqMW+pc6Ldnwhi/IjpwHt7yyuwOQ=
golang.org/x/text v0.3.2 h1:tW2bmiBqwgJj/UpqtC8EpXEZVYOwU0yG4iWbprSVAcs=
golang.org/x/text v0.3.2/go.mod h1:bEr9sfX3Q8Zfm5fL9x+3itogRgK3+ptLWKqgva+5dAk=
golang.org/x/tools v0.0.0-20180828015842-6cd1fcedba52/go.mod h1:n7NCudcB/nEzxVGmLbDWY5pfWTLqBcC2KZ6jyYvM4mQ=
golang.org/x/tools v0.0.0-20180917221912-90fa682c2a6e/go.mod h1:n7NCudcB/nEzxVGmLbDWY5pfWTLqBcC2KZ6jyYvM4mQ=
google.golang.org/appengine v1.1.0/go.mod h1:EbEs0AVv82hx2wNQdGPgUI5lhzA/G0D9YwlJXL52JkM=
google.golang.org/genproto v0.0.0-20180817151627-c66870c02cf8/go.mod h1:JiN7NxoALGmiZfu7CAH4rXhgtRTLTxftemlI0sWmxmc=
google.golang.org/genproto v0.0.0-20190201180003-4b09977fb922 h1:mBVYJnbrXLA/ZCBTCe7PtEgAUP+1bg92qTaFoPHdz+8=
google.golang.org/genproto v0.0.0-20190201180003-4b09977fb922/go.mod h1:L3J43x8/uS+qIUoksaLKe6OS3nUKxOKuIFz1sl2/jx4=
google.golang.org/grpc v1.16.0/go.mod h1:0JHn/cJsOMiMfNA9+DeHDlAU7KAAB5GDlYFpa9MZMio=
google.golang.org/grpc v1.18.0 h1:IZl7mfBGfbhYx2p2rKRtYgDFw6SBz+kclmxYrCksPPA=
google.golang.org/grpc v1.18.0/go.mod h1:6QZJwpn2B+Zp71q/5VxRsJ6NXXVCE5NRUHRo+f3cWCs=
gopkg.in/alecthomas/kingpin.v2 v2.2.6/go.mod h1:FMv+mEhP44yOT+4EoQTLFTRgOQ1FBLkstjWtayDeSgw=
gopkg.in/check.v1 v0.0.0-20161208181325-20d25e280405/go.mod h1:Co6ibVJAznAaIkqp8huTwlJQCZ016jof/cbN4VW5Yz0=
gopkg.in/check.v1 v1.0.0-20180628173108-788fd7840127/go.mod h1:Co6ibVJAznAaIkqp8huTwlJQCZ016jof/cbN4VW5Yz0=
gopkg.in/mgo.v2 v2.0.0-20160818020120-3f83fa500528/go.mod h1:yeKp02qBN3iKW1OzL3MGk2IdtZzaj7SFntXj72NppTA=
gopkg.in/mgo.v2 v2.0.0-20180705113604-9856a29383ce h1:xcEWjVhvbDy+nHP67nPDDpbYrY+ILlfndk4bRioVHaU=
gopkg.in/mgo.v2 v2.0.0-20180705113604-9856a29383ce/go.mod h1:yeKp02qBN3iKW1OzL3MGk2IdtZzaj7SFntXj72NppTA=
gopkg.in/yaml.v2 v2.2.1/go.mod h1:hI93XBmqTisBFMUTm0b8Fm+jr3Dg1NNxqwp+5A1VGuI=
honnef.co/go/tools v0.0.0-20180728063816-88497007e858/go.mod h1:rf3lG4BRIbNafJWhAfAdb/ePZxsR/4RtNHQocxwk9r4=
source.vivint.com/pl/accountsystem v1.1.0 h1:YH2mIhrACqtphhdgXcQ+YD+fLfIEDktDHcyCGDDFguQ=
source.vivint.com/pl/accountsystem v1.1.0/go.mod h1:pze6KIzFwucmzWVMEgxiRKCgooIgxj80uT54L0jsV6k=
source.vivint.com/pl/constants v0.0.0-20171208223852-eeeee63e3ac3/go.mod h1:TngncqMlgVbZdv4G2JXbEWENSmu3SOVLnks0TSzmHtY=
source.vivint.com/pl/constants v0.0.0-20190207021802-9fc2c5d3c56d h1:5gEMVD1ZAPFP9ut1BA4dLt3faMO9S0qaYyqTTNoG9xY=
source.vivint.com/pl/constants v0.0.0-20190207021802-9fc2c5d3c56d/go.mod h1:TngncqMlgVbZdv4G2JXbEWENSmu3SOVLnks0TSzmHtY=
source.vivint.com/pl/flag v0.0.0-20171012224125-59531ddf7fad h1:NWDE/H8gY0nKM9G+afKIA7JznTrb7IvjOomJFBQptls=
source.vivint.com/pl/flag v0.0.0-20171012224125-59531ddf7fad/go.mod h1:TQ45wDQVni0NdUsqBjpfPB4xDUTzS+t7A2CJdppu6Ck=
source.vivint.com/pl/flag v0.0.0-20180424172456-202169569ea0 h1:RlvfNfL2NQUT6qWWfufOUuX3rjjowWOjwCFK7BJyi0s=
source.vivint.com/pl/flag v0.0.0-20180424172456-202169569ea0/go.mod h1:TQ45wDQVni0NdUsqBjpfPB4xDUTzS+t7A2CJdppu6Ck=
source.vivint.com/pl/grpc v0.0.0-20190304140009-4836aafb2a34 h1:xtOSltqsp7AvV3sAITTyESP2Xc6riuWgPX7SfqcZwyY=
source.vivint.com/pl/grpc v0.0.0-20190304140009-4836aafb2a34/go.mod h1:PHzZxXLUlz9GI5iuP+T9GWwQXxgcDFRKpx6SrgpeR54=
source.vivint.com/pl/log v0.0.0-20171108215645-22d98ba53947 h1:ctpWBqP22iwM8gmtccvbws+QOAY0st77i0h0FwnBmGU=
source.vivint.com/pl/log v0.0.0-20171108215645-22d98ba53947/go.mod h1:pGP4L6EkWKxl9Kt3/JAkcrIOnqLDyY6Eo2hrQZ6dLGY=
source.vivint.com/pl/log v1.0.0-20190523 h1:0cA6imdzMRjBjtW5UTDrwulV8r/WkKW9DaCrC6aLjnE=
source.vivint.com/pl/log v1.0.0-20190523/go.mod h1:pGP4L6EkWKxl9Kt3/JAkcrIOnqLDyY6Eo2hrQZ6dLGY=
source.vivint.com/pl/metric v0.0.0-20171007011254-2e5aee66d119/go.mod h1:rVInOSJZC3Vhs5V4ZJnzAp8CcsP79lt+g8qlkQFDtD4=
source.vivint.com/pl/metric v0.0.0-20181030192212-93940f057229 h1:F8Vn6XRlEb8Zt6VdqQUF4JmLqPofElMo1/rlSJrhjjs=
source.vivint.com/pl/metric v0.0.0-20181030192212-93940f057229/go.mod h1:rVInOSJZC3Vhs5V4ZJnzAp8CcsP79lt+g8qlkQFDtD4=
source.vivint.com/pl/mongo v0.0.0-20181030185627-a32f22e5f378/go.mod h1:rQOAb+Edol78KhRXqP1338yGWlk4vjSsVpGIcDrOyBg=
source.vivint.com/pl/mongo v1.1.0-20190620.0.20190711223009-7675d8b3c906 h1:6pa25NQ4Va3mg/d5RFN1MXqgYXFpJaulXS16m/fRh38=
source.vivint.com/pl/mongo v1.1.0-20190620.0.20190711223009-7675d8b3c906/go.mod h1:9ppZadC7uwS1Xo6R5aeSFQSRI/oA/gmnULs9KDhoVGk=
source.vivint.com/pl/mongo v1.1.0-20190620.0.20190711223246-74b04de17a68 h1:PVqpLDSSjFpY4U37BZF2i3FWgWoP+1bOYlV+Sjmvmq4=
source.vivint.com/pl/mongo v1.1.0-20190620.0.20190711223246-74b04de17a68/go.mod h1:9ppZadC7uwS1Xo6R5aeSFQSRI/oA/gmnULs9KDhoVGk=
source.vivint.com/pl/mongo v1.1.0-20190620.0.20190712163809-d1e680de69ad h1:aSXHOnqcms3QtuNNm/xZcQaNHpJAoYXXos+IN63/TiE=
source.vivint.com/pl/mongo v1.1.0-20190620.0.20190712163809-d1e680de69ad/go.mod h1:9ppZadC7uwS1Xo6R5aeSFQSRI/oA/gmnULs9KDhoVGk=
source.vivint.com/pl/mongo v1.1.0-20190620.0.20190712164437-b1f75adae79d h1:tDHpNM9aG8jU5Y0P2GUsQcHqQ0rK06WlsDC2iVx2iPk=
source.vivint.com/pl/mongo v1.1.0-20190620.0.20190712164437-b1f75adae79d/go.mod h1:9ppZadC7uwS1Xo6R5aeSFQSRI/oA/gmnULs9KDhoVGk=
source.vivint.com/pl/mongo v1.1.0-20190620.0.20190712164542-6f0dffd64f6a h1:ynbfunORLur+s1/2kcQ6skcU/LMCKxekOmjDY1jymBg=
source.vivint.com/pl/mongo v1.1.0-20190620.0.20190712164542-6f0dffd64f6a/go.mod h1:9ppZadC7uwS1Xo6R5aeSFQSRI/oA/gmnULs9KDhoVGk=
source.vivint.com/pl/mongo v1.1.0-20190620.0.20190712165403-7f75dfa6001b h1:vRtUGA1aDfMFPSt0y2l8PruDqdZVVpr38JAhG7i+aDQ=
source.vivint.com/pl/mongo v1.1.0-20190620.0.20190712165403-7f75dfa6001b/go.mod h1:9ppZadC7uwS1Xo6R5aeSFQSRI/oA/gmnULs9KDhoVGk=
source.vivint.com/pl/mongo v1.1.0-20190620.0.20190712170931-202fe8f4b40d h1:TbZPKUD1ibfBtuA7IY/p9TvgteezBGr/vjFWTsCOUR4=
source.vivint.com/pl/mongo v1.1.0-20190620.0.20190712170931-202fe8f4b40d/go.mod h1:9ppZadC7uwS1Xo6R5aeSFQSRI/oA/gmnULs9KDhoVGk=
source.vivint.com/pl/mongo v1.1.0-20190620.0.20190716214053-8861811fc7ef h1:TwgjlKj5PPBBYJQL5y9IrPTV5b94KuOBmp8CCaT5bnA=
source.vivint.com/pl/mongo v1.1.0-20190620.0.20190716214053-8861811fc7ef/go.mod h1:6LcnBztfRUB5QcHvhC0FWkvf/lLbhcAzQGXx/LL9qOo=
source.vivint.com/pl/mongo v1.1.0-20190620.0.20190716214434-9229ecff2797 h1:PkwUo4Dp3eC/mCyTAXeZedO82vYDyfacdSBNKSjbIYE=
source.vivint.com/pl/mongo v1.1.0-20190620.0.20190716214434-9229ecff2797/go.mod h1:6LcnBztfRUB5QcHvhC0FWkvf/lLbhcAzQGXx/LL9qOo=
source.vivint.com/pl/mongo v1.1.0-20190620.0.20190716215302-5458418940dd h1:aSy4w6PNpsOr5Na/pEYqjFBYlqD74NDCStX5KbSJ9Uw=
source.vivint.com/pl/mongo v1.1.0-20190620.0.20190716215302-5458418940dd/go.mod h1:6LcnBztfRUB5QcHvhC0FWkvf/lLbhcAzQGXx/LL9qOo=
source.vivint.com/pl/mongo v1.1.0-20190620.0.20190717155915-6ca58537b504 h1:0oi3c8j1Fvu35/SUWBWY5Iq4q/PK4jKuIujpphhqXZ4=
source.vivint.com/pl/mongo v1.1.0-20190620.0.20190717155915-6ca58537b504/go.mod h1:wfKQJt5HKGL9q6MWsnhL1/8jTDsBllsrd3oNt67vNGY=
source.vivint.com/pl/mongo v1.1.0-20190620.0.20190717160052-8becb01bdb21 h1:1G2DoAjXku7pscIM/kOPrDyAGqJrQgJb8JZW88QP+rw=
source.vivint.com/pl/mongo v1.1.0-20190620.0.20190717160052-8becb01bdb21/go.mod h1:wfKQJt5HKGL9q6MWsnhL1/8jTDsBllsrd3oNt67vNGY=
source.vivint.com/pl/mongo v1.1.0-20190620.0.20190717160157-aa535bda7d53 h1:UZHC0wIAvvla7z40K1CafkAKTxt9KxRV+KVc845c9WE=
source.vivint.com/pl/mongo v1.1.0-20190620.0.20190717160157-aa535bda7d53/go.mod h1:wfKQJt5HKGL9q6MWsnhL1/8jTDsBllsrd3oNt67vNGY=
source.vivint.com/pl/mongo v1.1.0-20190620.0.20190717160545-b1f2a9e32691 h1:e48BmRlZkNGhaDce6/z3D1cHDY/Uog49qWUwla88L0c=
source.vivint.com/pl/mongo v1.1.0-20190620.0.20190717160545-b1f2a9e32691/go.mod h1:wfKQJt5HKGL9q6MWsnhL1/8jTDsBllsrd3oNt67vNGY=
source.vivint.com/pl/mongo v1.1.0-20190620.0.20190717160652-e66a0403612f h1:JH54eMycM2FOPWTKWCYWP9LRq5Fi8IdjDQ0K38ccWf4=
source.vivint.com/pl/mongo v1.1.0-20190620.0.20190717160652-e66a0403612f/go.mod h1:wfKQJt5HKGL9q6MWsnhL1/8jTDsBllsrd3oNt67vNGY=
source.vivint.com/pl/mongo v1.1.0-20190620.0.20190717161346-e19587a49a65 h1:BOVtACP/HwI5vnQ+MkNBTbZx/7KJF4DkmjM1u5UMxAQ=
source.vivint.com/pl/mongo v1.1.0-20190620.0.20190717161346-e19587a49a65/go.mod h1:wfKQJt5HKGL9q6MWsnhL1/8jTDsBllsrd3oNt67vNGY=
source.vivint.com/pl/mongo v1.1.0-20190620.0.20190717161447-b134b1ba5b51 h1:AIKNg5xm58deU24kV2pnhs0WMxjySDD79YlslPvW8Kg=
source.vivint.com/pl/mongo v1.1.0-20190620.0.20190717161447-b134b1ba5b51/go.mod h1:wfKQJt5HKGL9q6MWsnhL1/8jTDsBllsrd3oNt67vNGY=
source.vivint.com/pl/mongo v1.1.0-20190620.0.20190717173819-370fc016fadd h1:RdSQLBjfPAJstVuDfvd+jtenSOgmIpebD67W8eDhu0g=
source.vivint.com/pl/mongo v1.1.0-20190620.0.20190717173819-370fc016fadd/go.mod h1:wfKQJt5HKGL9q6MWsnhL1/8jTDsBllsrd3oNt67vNGY=
source.vivint.com/pl/mongo v1.1.0-20190620.0.20190717183740-0d123ee09c68 h1:Prg8bUpvW2/bUImgKgUKd+U9evz6uiTebYXaxkCKYV8=
source.vivint.com/pl/mongo v1.1.0-20190620.0.20190717183740-0d123ee09c68/go.mod h1:wfKQJt5HKGL9q6MWsnhL1/8jTDsBllsrd3oNt67vNGY=
source.vivint.com/pl/mongo v1.1.0-20190620.0.20190717184002-992a3c4f9b97 h1:hamMd/7V++J/XqYioYgHnTu024MsPKAUQwYj8g+zCJo=
source.vivint.com/pl/mongo v1.1.0-20190620.0.20190717184002-992a3c4f9b97/go.mod h1:wfKQJt5HKGL9q6MWsnhL1/8jTDsBllsrd3oNt67vNGY=
source.vivint.com/pl/mongo v1.1.0-20190620.0.20190717184050-1698ab0e4247 h1:lJLmLpioBFdCHTsbPdVmLQ/cZicf/Drjd3BMrItiZpg=
source.vivint.com/pl/mongo v1.1.0-20190620.0.20190717184050-1698ab0e4247/go.mod h1:wfKQJt5HKGL9q6MWsnhL1/8jTDsBllsrd3oNt67vNGY=
source.vivint.com/pl/mongo v1.1.0-20190620.0.20190717185619-bb4124c36d09 h1:kKx8P7R+Xvmqw6axLauEhjtNB1+Yh9UZDObzGcR9JWg=
source.vivint.com/pl/mongo v1.1.0-20190620.0.20190717185619-bb4124c36d09/go.mod h1:wfKQJt5HKGL9q6MWsnhL1/8jTDsBllsrd3oNt67vNGY=
source.vivint.com/pl/mongo v1.1.0-20190620.0.20190717185943-e5c4a790a2c9 h1:UWal5e/ppgmFYHQLU6niiSuwbmzLCWw8fMIfySz/yAE=
source.vivint.com/pl/mongo v1.1.0-20190620.0.20190717185943-e5c4a790a2c9/go.mod h1:wfKQJt5HKGL9q6MWsnhL1/8jTDsBllsrd3oNt67vNGY=
source.vivint.com/pl/mongo v1.1.0-20190620.0.20190717190118-0188114bf4b3 h1:mD6RzIAeMji/IwO9i1IV9leVJsuK7J7nK36xQTPasTw=
source.vivint.com/pl/mongo v1.1.0-20190620.0.20190717190118-0188114bf4b3/go.mod h1:wfKQJt5HKGL9q6MWsnhL1/8jTDsBllsrd3oNt67vNGY=
source.vivint.com/pl/mongo v1.1.0-20190620.0.20190717190225-a33f6fb2845f h1:YSEWmwg8atkJlanUw2vvhwU4YBTHVlVF4cvjBwBMe98=
source.vivint.com/pl/mongo v1.1.0-20190620.0.20190717190225-a33f6fb2845f/go.mod h1:wfKQJt5HKGL9q6MWsnhL1/8jTDsBllsrd3oNt67vNGY=
source.vivint.com/pl/mongo v1.1.0-20190620.0.20190717190344-bf7a03b11754 h1:PTNw2kOd+4Xli0BN8yJxzfWljcOfDp3kYBmEmv8Y2MM=
source.vivint.com/pl/mongo v1.1.0-20190620.0.20190717190344-bf7a03b11754/go.mod h1:wfKQJt5HKGL9q6MWsnhL1/8jTDsBllsrd3oNt67vNGY=
source.vivint.com/pl/mongo v1.1.0-20190620.0.20190717190458-fbfbbbc529d0 h1:MCa3T+X75UoCFLdyNoIry0nfZc1ityhlj3AIz/tYrqM=
source.vivint.com/pl/mongo v1.1.0-20190620.0.20190717190458-fbfbbbc529d0/go.mod h1:wfKQJt5HKGL9q6MWsnhL1/8jTDsBllsrd3oNt67vNGY=
source.vivint.com/pl/mongo v1.1.0-20190620.0.20190717204531-bf603731cbb8 h1:d0y4o1mgpxz1CnGzXahtqqJWLlKFa4a4OSfatDArhng=
source.vivint.com/pl/mongo v1.1.0-20190620.0.20190717204531-bf603731cbb8/go.mod h1:wfKQJt5HKGL9q6MWsnhL1/8jTDsBllsrd3oNt67vNGY=
source.vivint.com/pl/mongo v1.1.0-20190620.0.20190717204638-f65939172be1 h1:c8sz1gO1k16TcMvK51M+8qH1dFwfkBguo6u6xVC/Xk8=
source.vivint.com/pl/mongo v1.1.0-20190620.0.20190717204638-f65939172be1/go.mod h1:wfKQJt5HKGL9q6MWsnhL1/8jTDsBllsrd3oNt67vNGY=
source.vivint.com/pl/mongo v1.1.0-20190620.0.20190717204809-559f19f1aaf9 h1:17/57qQhSjJ5ZwjhTOiS88li38g5dp32EIGURQGOzl0=
source.vivint.com/pl/mongo v1.1.0-20190620.0.20190717204809-559f19f1aaf9/go.mod h1:wfKQJt5HKGL9q6MWsnhL1/8jTDsBllsrd3oNt67vNGY=
source.vivint.com/pl/mongo v1.1.0-20190620.0.20190717205035-a10bec659df1 h1:5bASxjMZmmAdmXvO/VZS8eRGrkgZAGDBnScINRILXgw=
source.vivint.com/pl/mongo v1.1.0-20190620.0.20190717205035-a10bec659df1/go.mod h1:wfKQJt5HKGL9q6MWsnhL1/8jTDsBllsrd3oNt67vNGY=
source.vivint.com/pl/mongo v1.1.0-20190620.0.20190717211240-c3d69ea96f74 h1:9eWwCIjax48SBxCcDWwxCij1IFUXmNw2TqTEKfFLhkM=
source.vivint.com/pl/mongo v1.1.0-20190620.0.20190717211240-c3d69ea96f74/go.mod h1:wfKQJt5HKGL9q6MWsnhL1/8jTDsBllsrd3oNt67vNGY=
source.vivint.com/pl/mongo v1.1.0-20190620.0.20190717211339-4f1726477ff8 h1:PiWgDRJGoLKB7FN2TzotlbaNPlKSQr+CDCWOKHFWAnc=
source.vivint.com/pl/mongo v1.1.0-20190620.0.20190717211339-4f1726477ff8/go.mod h1:wfKQJt5HKGL9q6MWsnhL1/8jTDsBllsrd3oNt67vNGY=
source.vivint.com/pl/mongo v1.1.0-20190620.0.20190717212217-74aeacf831d0 h1:YXY2IRT7MHsINNw0G0m9ko4tocrtNslzbQZj4eIW+hw=
source.vivint.com/pl/mongo v1.1.0-20190620.0.20190717212217-74aeacf831d0/go.mod h1:wfKQJt5HKGL9q6MWsnhL1/8jTDsBllsrd3oNt67vNGY=
source.vivint.com/pl/mongo v1.1.0-20190620.0.20190717212434-1f2ef350f8a1 h1:u8Wmc/dCoB0zcUkxb34r5rqW0yzW3XumPTv84ylxE/o=
source.vivint.com/pl/mongo v1.1.0-20190620.0.20190717212434-1f2ef350f8a1/go.mod h1:wfKQJt5HKGL9q6MWsnhL1/8jTDsBllsrd3oNt67vNGY=
source.vivint.com/pl/mongo v1.1.0-20190620.0.20190717212713-436a17c34a31 h1:ODMF6B/2krvE5cB5m5YkzgqhXAZP4r8mLXBH6/o3OBo=
source.vivint.com/pl/mongo v1.1.0-20190620.0.20190717212713-436a17c34a31/go.mod h1:wfKQJt5HKGL9q6MWsnhL1/8jTDsBllsrd3oNt67vNGY=
source.vivint.com/pl/mongo v1.1.0-20190620.0.20190718175737-ddbddeef927a h1:Ti33q3+puXDH2cTcAsMiTxTq3ECMmviqFb6QwaW1zec=
source.vivint.com/pl/mongo v1.1.0-20190620.0.20190718175737-ddbddeef927a/go.mod h1:wfKQJt5HKGL9q6MWsnhL1/8jTDsBllsrd3oNt67vNGY=
source.vivint.com/pl/mongo v1.1.0-20190620.0.20190718182346-98a4c709100c h1:qI15j31iE2VjOir56s44qFuP9Fvh5MRf7X3Ha28t2UU=
source.vivint.com/pl/mongo v1.1.0-20190620.0.20190718182346-98a4c709100c/go.mod h1:wfKQJt5HKGL9q6MWsnhL1/8jTDsBllsrd3oNt67vNGY=
source.vivint.com/pl/mongo v1.1.0-20190620.0.20190718183615-1ef5fc9b56e5 h1:YoAm/8+c8RtTpBZE3WfImLYag9f+JtyWiT5qvMwoefw=
source.vivint.com/pl/mongo v1.1.0-20190620.0.20190718183615-1ef5fc9b56e5/go.mod h1:wfKQJt5HKGL9q6MWsnhL1/8jTDsBllsrd3oNt67vNGY=
source.vivint.com/pl/mongo v1.1.0-20190620.0.20190718183653-25b56c09f43d h1:NZgueRW1PGTqKasQVxBRZziFmkWkfnxj+Jy/bMAfAFE=
source.vivint.com/pl/mongo v1.1.0-20190620.0.20190718183653-25b56c09f43d/go.mod h1:wfKQJt5HKGL9q6MWsnhL1/8jTDsBllsrd3oNt67vNGY=
source.vivint.com/pl/mongo v1.1.0-20190620.0.20190718183939-7386c228ab92 h1:9NV13MaMtt1Xo+zTjhwECX0+T+KsxkZiAot331boVuY=
source.vivint.com/pl/mongo v1.1.0-20190620.0.20190718183939-7386c228ab92/go.mod h1:wfKQJt5HKGL9q6MWsnhL1/8jTDsBllsrd3oNt67vNGY=
source.vivint.com/pl/mongo v1.1.0-20190620.0.20190718184115-3ce93cb0928d h1:4QbEx/O57LosavqoP8qf2q/J4W2kPUQ5H6tymdlOVwM=
source.vivint.com/pl/mongo v1.1.0-20190620.0.20190718184115-3ce93cb0928d/go.mod h1:wfKQJt5HKGL9q6MWsnhL1/8jTDsBllsrd3oNt67vNGY=
source.vivint.com/pl/mongo v1.1.0-20190620.0.20190718184418-b381129a8f57 h1:eyvQdqCl2Kyt/oMlrolF+CZYdt3So9DOQWZc/jH8jWc=
source.vivint.com/pl/mongo v1.1.0-20190620.0.20190718184418-b381129a8f57/go.mod h1:wfKQJt5HKGL9q6MWsnhL1/8jTDsBllsrd3oNt67vNGY=
source.vivint.com/pl/mongo v1.1.0-20190620.0.20190718184501-cd22ded23204 h1:Y9+SCFucZken94X5ovez9aMg2FIpEz6TZaJcAVEIbB0=
source.vivint.com/pl/mongo v1.1.0-20190620.0.20190718184501-cd22ded23204/go.mod h1:wfKQJt5HKGL9q6MWsnhL1/8jTDsBllsrd3oNt67vNGY=
source.vivint.com/pl/mongo v1.1.0-20190620.0.20190718184657-bff2e80b163a h1:snwAt52sLvc71rQOEK1+vSup5FSY8fgI7MFbLC0rd5o=
source.vivint.com/pl/mongo v1.1.0-20190620.0.20190718184657-bff2e80b163a/go.mod h1:wfKQJt5HKGL9q6MWsnhL1/8jTDsBllsrd3oNt67vNGY=
source.vivint.com/pl/mongo v1.1.0-20190620.0.20190718184748-c40b71b9bdf7 h1:iLYBiAVvWU635WQcMteMky1WwPOKC/VSxmKsrCItLKg=
source.vivint.com/pl/mongo v1.1.0-20190620.0.20190718184748-c40b71b9bdf7/go.mod h1:wfKQJt5HKGL9q6MWsnhL1/8jTDsBllsrd3oNt67vNGY=
source.vivint.com/pl/mongo v1.1.0-20190620.0.20190718184828-bf45a66af6c7 h1:w9W9wR12azCYxoVk2c1r16jQfEH3pO14q4XarbL0kNc=
source.vivint.com/pl/mongo v1.1.0-20190620.0.20190718184828-bf45a66af6c7/go.mod h1:wfKQJt5HKGL9q6MWsnhL1/8jTDsBllsrd3oNt67vNGY=
source.vivint.com/pl/mongo v1.1.0-20190620.0.20190718185425-54d37e476447 h1:l7mjGo0Otv+IqyLN6CsPy+iceo7+iW0ob9e6xc4qtvo=
source.vivint.com/pl/mongo v1.1.0-20190620.0.20190718185425-54d37e476447/go.mod h1:wfKQJt5HKGL9q6MWsnhL1/8jTDsBllsrd3oNt67vNGY=
source.vivint.com/pl/mongo v1.1.0-20190620.0.20190718201909-9dc8b81f21db h1:q07L1XvOt1V6ZqpbgFCMKOBv7js8kIzT5s9SzwZnlJc=
source.vivint.com/pl/mongo v1.1.0-20190620.0.20190718201909-9dc8b81f21db/go.mod h1:wfKQJt5HKGL9q6MWsnhL1/8jTDsBllsrd3oNt67vNGY=
source.vivint.com/pl/mongo v1.1.0-20190620.0.20190718205744-66fa5eef9fc8 h1:4CQ0SpsN+kNpYVKNLJNsbQz8gix0RiLQkxtcZzD+gIM=
source.vivint.com/pl/mongo v1.1.0-20190620.0.20190718205744-66fa5eef9fc8/go.mod h1:wfKQJt5HKGL9q6MWsnhL1/8jTDsBllsrd3oNt67vNGY=
source.vivint.com/pl/mongo v1.1.0-20190620.0.20190719155131-94ff3cdc208b h1:4wZp0ta+zRiIDp4vL6+9x803DoR6ZyXekNq3ECtvhJ0=
source.vivint.com/pl/mongo v1.1.0-20190620.0.20190719155131-94ff3cdc208b/go.mod h1:wfKQJt5HKGL9q6MWsnhL1/8jTDsBllsrd3oNt67vNGY=
source.vivint.com/pl/mongo v1.1.0-20190620.0.20190719155930-82923f8fcc67 h1:DceaklLRFwfg0vVvWTePBJaNHqDc+4zeCYqAV8VLYjQ=
source.vivint.com/pl/mongo v1.1.0-20190620.0.20190719155930-82923f8fcc67/go.mod h1:wfKQJt5HKGL9q6MWsnhL1/8jTDsBllsrd3oNt67vNGY=
source.vivint.com/pl/mongo v1.1.0-20190620.0.20190719185458-877340ec9d61 h1:bXLO/uGc32dL8HBXtSIq1W5KBAl50WbyS0Zcb2bHCt8=
source.vivint.com/pl/mongo v1.1.0-20190620.0.20190719185458-877340ec9d61/go.mod h1:wfKQJt5HKGL9q6MWsnhL1/8jTDsBllsrd3oNt67vNGY=
source.vivint.com/pl/mongo v1.1.20190624-CAPP-2301 h1:QURW239dpIqjC3ye+D1gx/VNtLllcHWv7UkVz+HGytI=
source.vivint.com/pl/service v0.1.0 h1:rcPSZg4rTpkNX1bq3AfB3y89/PGxkrcvamN7IPA0LOs=
source.vivint.com/pl/service v0.1.0/go.mod h1:MbDjl5sP0koHOoRPvy9cHYFoCGjminqmFXp9ZplO/Mc=
source.vivint.com/pl/trace v0.0.0-20180817175324-8b5d78c73b70 h1:HAYTiYbMIAkjXEXkImsVg9tyB4HLR7BDqNVdAq5lWsU=
source.vivint.com/pl/trace v0.0.0-20180817175324-8b5d78c73b70/go.mod h1:yiQk5BnBHR38KXh741V3us2DwAA0sdDFzizFZGsoLzY=
