github.com/Sirupsen/logrus v0.0.0-20160716025631-a283a10442df h1:tWi/LfZ+meMKJGmHkbGnd08rbrtFKrpB6pPzow/EYJw=
github.com/Sirupsen/logrus v0.0.0-20160716025631-a283a10442df/go.mod h1:rmk17hk6i8ZSAJkSDa7nOxamrG+SP4P0mm+DAvExv4U=
github.com/cyberdelia/go-metrics-graphite v0.0.0-20161219230853-39f87cc3b432/go.mod h1:xwIwAxMvYnVrGJPe2FKx5prTrnAjGOD8zvDOnxnrrkM=
github.com/darrennoble/LogrusFluentdTaggedUDP v0.0.0-20170117221532-f39c9928dbad h1:CAO3agCQ8ZK687Ng69SRXgaiweaj75r+43iNfMSOTpU=
github.com/darrennoble/LogrusFluentdTaggedUDP v0.0.0-20170117221532-f39c9928dbad/go.mod h1:78TW7SxMkis3zZkux14IOaBI7NRlGIzNHg2zIbgIWXA=
github.com/davecgh/go-spew v0.0.0-20161028175848-04cdfd42973b/go.mod h1:J7Y8YcW2NihsgmVo/mv3lAwl/skON4iLHjSsI+c5H38=
github.com/go-stack/stack v1.8.0 h1:5SgMzNM5HxrEjV0ww2lTmX6E2Izsfxas4+YHWRs3Lsk=
github.com/go-stack/stack v1.8.0/go.mod h1:v0f6uXyyMGvRgIKkXu+yp6POWl0qKG85gN/melR3HDY=
github.com/golang/snappy v0.0.1 h1:Qgr9rKW7uDUkrbSmQeiDsGa8SjGyCOGtuasMWwvp2P4=
github.com/golang/snappy v0.0.1/go.mod h1:/XxbfmMg8lxefKM7IXC3fBNl/7bRcc72aCRzEWrmP2Q=
github.com/google/go-cmp v0.3.0/go.mod h1:8QqcDgzrUqlUb/G2PQTWiueGozuR1884gddMywk6iLU=
github.com/kr/pretty v0.1.0/go.mod h1:dAy3ld7l9f0ibDNOQOHHMYYIIbhfbHSm3C4ZsoJORNo=
github.com/kr/pty v1.1.1/go.mod h1:pFQYn66WHrOpPYNljwOMqo10TkYh1fy3cYio2l3bCsQ=
github.com/kr/text v0.1.0/go.mod h1:4Jbv+DJW3UT/LiOwJeYQe1efqtUx/iVham/4vfdArNI=
github.com/mongodb/mongo-go-driver v1.0.3/go.mod h1:NK/HWDIIZkaYsnYa0hmtP443T5ELr0KDecmIioVuuyU=
github.com/pkg/errors v0.0.0-20170505043639-c605e284fe17 h1:chPfVn+gpAM5CTpTyVU9j8J+xgRGwmoDlNDLjKnJiYo=
github.com/pkg/errors v0.0.0-20170505043639-c605e284fe17/go.mod h1:bwawxfHBFNV+L2hUp1rHADufV3IMtnDRdf1r5NINEl0=
github.com/pmezard/go-difflib v0.0.0-20151028094244-d8ed2627bdf0/go.mod h1:iKH77koFhYxTK1pcRnkKkqfTogsbg7gZNVY4sRDYZ/4=
github.com/rcrowley/go-metrics v0.0.0-20161128210544-1f30fe9094a5/go.mod h1:bCqnVzQkZxMG4s8nGwiZ5l3QUCyqpo9Y+/ZMZ9VjZe4=
github.com/stretchr/objx v0.0.0-20140526180921-cbeaeb16a013/go.mod h1:HFkY916IF+rwdDfMAkV7OtwuqBVzrE8GR6GFx+wExME=
github.com/stretchr/testify v0.0.0-20161217200445-2402e8e7a02f/go.mod h1:a8OnRcib4nhh0OaRAV+Yts87kKdq0PP7pXfy6kDkUVs=
github.com/xdg/scram v0.0.0-20180814205039-7eeb5667e42c h1:u40Z8hqBAAQyv+vATcGgV0YCnDjqSL7/q/JyPhhJSPk=
github.com/xdg/scram v0.0.0-20180814205039-7eeb5667e42c/go.mod h1:lB8K/P019DLNhemzwFU4jHLhdvlE6uDZjXFejJXr49I=
github.com/xdg/stringprep v1.0.0 h1:d9X0esnoa3dFsV0FG35rAT0RIhYFlPq7MiP+DW89La0=
github.com/xdg/stringprep v1.0.0/go.mod h1:Jhud4/sHMO4oL310DaZAKk9ZaJ08SJfe+sJh0HrGL1Y=
go.mongodb.org/mongo-driver v1.0.4 h1:bHxbjH6iwh1uInchXadI6hQR107KEbgYsMzoblDONmQ=
go.mongodb.org/mongo-driver v1.0.4/go.mod h1:u7ryQJ+DOzQmeO7zB6MHyr8jkEQvC8vH7qLUO4lqsUM=
golang.org/x/crypto v0.0.0-20190308221718-c2843e01d9a2/go.mod h1:djNgcEr1/C05ACkg1iLfiJU5Ep61QUkGW8qpdssI0+w=
golang.org/x/crypto v0.0.0-20190701094942-4def268fd1a4 h1:HuIa8hRrWRSrqYzx1qI49NNxhdi2PrY7gxVSq1JjLDc=
golang.org/x/crypto v0.0.0-20190701094942-4def268fd1a4/go.mod h1:yigFU9vqHzYiE8UmvKecakEJjdnWj3jj499lnFckfCI=
golang.org/x/net v0.0.0-20190404232315-eb5bcb51f2a3/go.mod h1:t9HGtf8HONx5eT2rtn7q6eTqICYqUVnKs3thJo3Qplg=
golang.org/x/sync v0.0.0-20190423024810-112230192c58 h1:8gQV6CLnAEikrhgkHFbMAEhagSSnXWGV915qUMm9mrU=
golang.org/x/sync v0.0.0-20190423024810-112230192c58/go.mod h1:RxMgew5VJxzue5/jJTE5uejpjVlOe/izrB70Jof72aM=
golang.org/x/sys v0.0.0-20190215142949-d0b11bdaac8a/go.mod h1:STP8DvDyc/dI5b8T5hshtkjS+E42TnysNCUPdjciGhY=
golang.org/x/sys v0.0.0-20190412213103-97732733099d/go.mod h1:h1NjWce9XRLGQEsW7wpKNCjG9DtNlClVuFLEZdDNbEs=
golang.org/x/text v0.3.0/go.mod h1:NqM8EUOU14njkJ3fqMW+pc6Ldnwhi/IjpwHt7yyuwOQ=
golang.org/x/text v0.3.2 h1:tW2bmiBqwgJj/UpqtC8EpXEZVYOwU0yG4iWbprSVAcs=
golang.org/x/text v0.3.2/go.mod h1:bEr9sfX3Q8Zfm5fL9x+3itogRgK3+ptLWKqgva+5dAk=
golang.org/x/tools v0.0.0-20180917221912-90fa682c2a6e/go.mod h1:n7NCudcB/nEzxVGmLbDWY5pfWTLqBcC2KZ6jyYvM4mQ=
gopkg.in/check.v1 v1.0.0-20180628173108-788fd7840127/go.mod h1:Co6ibVJAznAaIkqp8huTwlJQCZ016jof/cbN4VW5Yz0=
gopkg.in/mgo.v2 v2.0.0-20160818020120-3f83fa500528/go.mod h1:yeKp02qBN3iKW1OzL3MGk2IdtZzaj7SFntXj72NppTA=
source.vivint.com/pl/constants v0.0.0-20171208223852-eeeee63e3ac3/go.mod h1:TngncqMlgVbZdv4G2JXbEWENSmu3SOVLnks0TSzmHtY=
source.vivint.com/pl/flag v0.0.0-20171012224125-59531ddf7fad h1:NWDE/H8gY0nKM9G+afKIA7JznTrb7IvjOomJFBQptls=
source.vivint.com/pl/flag v0.0.0-20171012224125-59531ddf7fad/go.mod h1:TQ45wDQVni0NdUsqBjpfPB4xDUTzS+t7A2CJdppu6Ck=
source.vivint.com/pl/log v0.0.0-20171108215645-22d98ba53947 h1:ctpWBqP22iwM8gmtccvbws+QOAY0st77i0h0FwnBmGU=
source.vivint.com/pl/log v0.0.0-20171108215645-22d98ba53947/go.mod h1:pGP4L6EkWKxl9Kt3/JAkcrIOnqLDyY6Eo2hrQZ6dLGY=
source.vivint.com/pl/metric v0.0.0-20171007011254-2e5aee66d119/go.mod h1:rVInOSJZC3Vhs5V4ZJnzAp8CcsP79lt+g8qlkQFDtD4=
source.vivint.com/pl/mongo v1.1.0-20190620.0.20190711223009-7675d8b3c906 h1:6pa25NQ4Va3mg/d5RFN1MXqgYXFpJaulXS16m/fRh38=
source.vivint.com/pl/mongo v1.1.0-20190620.0.20190711223009-7675d8b3c906/go.mod h1:9ppZadC7uwS1Xo6R5aeSFQSRI/oA/gmnULs9KDhoVGk=
